
Microsoft Visual Studio Solution File, Format Version 12.00
# Visual Studio Version 17
VisualStudioVersion = 17.5.002.0
MinimumVisualStudioVersion = 10.0.40219.1
Project("{9A19103F-16F7-4668-BE54-9A1E7A4F7556}") = "Projeto-Acesso", "Projeto-Acesso.csproj", "{F523A739-A0C7-4C14-83B1-E70D4DE7856D}"
EndProject
Global
	GlobalSection(SolutionConfigurationPlatforms) = preSolution
		Debug|Any CPU = Debug|Any CPU
		Release|Any CPU = Release|Any CPU
	EndGlobalSection
	GlobalSection(ProjectConfigurationPlatforms) = postSolution
		{F523A739-A0C7-4C14-83B1-E70D4DE7856D}.Debug|Any CPU.ActiveCfg = Debug|Any CPU
		{F523A739-A0C7-4C14-83B1-E70D4DE7856D}.Debug|Any CPU.Build.0 = Debug|Any CPU
		{F523A739-A0C7-4C14-83B1-E70D4DE7856D}.Release|Any CPU.ActiveCfg = Release|Any CPU
		{F523A739-A0C7-4C14-83B1-E70D4DE7856D}.Release|Any CPU.Build.0 = Release|Any CPU
	EndGlobalSection
	GlobalSection(SolutionProperties) = preSolution
		HideSolutionNode = FALSE
	EndGlobalSection
	GlobalSection(ExtensibilityGlobals) = postSolution
		SolutionGuid = {481E51F9-6BA4-47FF-9708-F55A2842FD5E}
	EndGlobalSection
EndGlobal
